{
  "name": "threeunits",
  "version": "1.0.0",
  "lockfileVersion": 1,
  "requires": true,
  "dependencies": {
    "@electron/get": {
      "version": "1.12.2",
      "resolved": "https://registry.npmjs.org/@electron/get/-/get-1.12.2.tgz",
      "integrity": "sha512-vAuHUbfvBQpYTJ5wB7uVIDq5c/Ry0fiTBMs7lnEYAo/qXXppIVcWdfBr57u6eRnKdVso7KSiH6p/LbQAG6Izrg==",